
Microsoft Visual Studio Solution File, Format Version 12.00
# Visual Studio Version 17
VisualStudioVersion = 17.7.34031.279
MinimumVisualStudioVersion = 10.0.40219.1
Project("{FAE04EC0-301F-11D3-BF4B-00C04F79EFBC}") = "Task2", "Task2\Task2.csproj", "{185D5884-FD40-4D9D-9B5E-2C24E58CEBBF}"
EndProject
Global
	GlobalSection(SolutionConfigurationPlatforms) = preSolution
		Debug|Any CPU = Debug|Any CPU
		Release|Any CPU = Release|Any CPU
	EndGlobalSection
	GlobalSection(ProjectConfigurationPlatforms) = postSolution
		{185D5884-FD40-4D9D-9B5E-2C24E58CEBBF}.Debug|Any CPU.ActiveCfg = Debug|Any CPU
		{185D5884-FD40-4D9D-9B5E-2C24E58CEBBF}.Debug|Any CPU.Build.0 = Debug|Any CPU
		{185D5884-FD40-4D9D-9B5E-2C24E58CEBBF}.Release|Any CPU.ActiveCfg = Release|Any CPU
		{185D5884-FD40-4D9D-9B5E-2C24E58CEBBF}.Release|Any CPU.Build.0 = Release|Any CPU
	EndGlobalSection
	GlobalSection(SolutionProperties) = preSolution
		HideSolutionNode = FALSE
	EndGlobalSection
	GlobalSection(ExtensibilityGlobals) = postSolution
		SolutionGuid = {EB6D1D2B-FBF9-4E88-BC0D-2DB341755EE5}
	EndGlobalSection
EndGlobal
